
Microsoft Visual Studio Solution File, Format Version 12.00
# Visual Studio Version 17
VisualStudioVersion = 17.3.32929.385
MinimumVisualStudioVersion = 10.0.40219.1
Project("{FAE04EC0-301F-11D3-BF4B-00C04F79EFBC}") = "Server", "Server\Server.csproj", "{6A5CDA93-0DE5-4962-AFBB-363D4FF9B7D3}"
EndProject
Project("{FAE04EC0-301F-11D3-BF4B-00C04F79EFBC}") = "Client", "Client\Client.csproj", "{670A5921-094E-4D68-9067-49FF76C8415B}"
EndProject
Global
	GlobalSection(SolutionConfigurationPlatforms) = preSolution
		Debug|Any CPU = Debug|Any CPU
		Release|Any CPU = Release|Any CPU
	EndGlobalSection
	GlobalSection(ProjectConfigurationPlatforms) = postSolution
		{6A5CDA93-0DE5-4962-AFBB-363D4FF9B7D3}.Debug|Any CPU.ActiveCfg = Debug|Any CPU
		{6A5CDA93-0DE5-4962-AFBB-363D4FF9B7D3}.Debug|Any CPU.Build.0 = Debug|Any CPU
		{6A5CDA93-0DE5-4962-AFBB-363D4FF9B7D3}.Release|Any CPU.ActiveCfg = Release|Any CPU
		{6A5CDA93-0DE5-4962-AFBB-363D4FF9B7D3}.Release|Any CPU.Build.0 = Release|Any CPU
		{670A5921-094E-4D68-9067-49FF76C8415B}.Debug|Any CPU.ActiveCfg = Debug|Any CPU
		{670A5921-094E-4D68-9067-49FF76C8415B}.Debug|Any CPU.Build.0 = Debug|Any CPU
		{670A5921-094E-4D68-9067-49FF76C8415B}.Release|Any CPU.ActiveCfg = Release|Any CPU
		{670A5921-094E-4D68-9067-49FF76C8415B}.Release|Any CPU.Build.0 = Release|Any CPU
	EndGlobalSection
	GlobalSection(SolutionProperties) = preSolution
		HideSolutionNode = FALSE
	EndGlobalSection
	GlobalSection(ExtensibilityGlobals) = postSolution
		SolutionGuid = {4A68F293-9A3A-4341-AC4B-AB6750CF3CE3}
	EndGlobalSection
EndGlobal
